
Microsoft Visual Studio Solution File, Format Version 12.00
# Visual Studio Version 16
VisualStudioVersion = 16.0.29230.47
MinimumVisualStudioVersion = 10.0.40219.1
Project("{9A19103F-16F7-4668-BE54-9A1E7A4F7556}") = "EthereumBatcher.Lib", "EthereumBatcher.Lib\EthereumBatcher.Lib.csproj", "{C19C55F4-1470-4137-A2D9-82E6E43DCA2F}"
EndProject
Project("{FAE04EC0-301F-11D3-BF4B-00C04F79EFBC}") = "EthereumBatcher.Lib.IntegrationTests", "EthereumBatcher.Lib.Tests\EthereumBatcher.Lib.IntegrationTests.csproj", "{95618D74-8FB6-4E47-BF9E-B8E132D1B768}"
EndProject
Global
	GlobalSection(SolutionConfigurationPlatforms) = preSolution
		Debug|Any CPU = Debug|Any CPU
		Release|Any CPU = Release|Any CPU
	EndGlobalSection
	GlobalSection(ProjectConfigurationPlatforms) = postSolution
		{C19C55F4-1470-4137-A2D9-82E6E43DCA2F}.Debug|Any CPU.ActiveCfg = Debug|Any CPU
		{C19C55F4-1470-4137-A2D9-82E6E43DCA2F}.Debug|Any CPU.Build.0 = Debug|Any CPU
		{C19C55F4-1470-4137-A2D9-82E6E43DCA2F}.Release|Any CPU.ActiveCfg = Release|Any CPU
		{C19C55F4-1470-4137-A2D9-82E6E43DCA2F}.Release|Any CPU.Build.0 = Release|Any CPU
		{95618D74-8FB6-4E47-BF9E-B8E132D1B768}.Debug|Any CPU.ActiveCfg = Debug|Any CPU
		{95618D74-8FB6-4E47-BF9E-B8E132D1B768}.Debug|Any CPU.Build.0 = Debug|Any CPU
		{95618D74-8FB6-4E47-BF9E-B8E132D1B768}.Release|Any CPU.ActiveCfg = Release|Any CPU
		{95618D74-8FB6-4E47-BF9E-B8E132D1B768}.Release|Any CPU.Build.0 = Release|Any CPU
	EndGlobalSection
	GlobalSection(SolutionProperties) = preSolution
		HideSolutionNode = FALSE
	EndGlobalSection
	GlobalSection(ExtensibilityGlobals) = postSolution
		SolutionGuid = {847F9184-B8E2-493E-9383-7C0EFCA04B49}
	EndGlobalSection
EndGlobal
